{
    "version": 3,
    "terraform_version": "0.9.6",
    "serial": 5,
    "lineage": "a0f34b7a-55cb-48c0-9b47-d0037a69f434",
    "modules": [
        {
            "path": [
                "root"
            ],
            "outputs": {},
            "resources": {
                "aws_instance.unbound": {
                    "type": "aws_instance",
                    "depends_on": [
                        "data.aws_ami.amzn-ami",
                        "data.template_file.init"
                    ],
                    "primary": {
                        "id": "i-0d6ab000177b5a8bc",
                        "attributes": {
                            "ami": "ami-25f92c5c",
                            "associate_public_ip_address": "true",
                            "availability_zone": "eu-west-1a",
                            "disable_api_termination": "false",
                            "ebs_block_device.#": "0",
                            "ebs_optimized": "false",
                            "ephemeral_block_device.#": "0",
                            "iam_instance_profile": "",
                            "id": "i-0d6ab000177b5a8bc",
                            "instance_state": "running",
                            "instance_type": "t2.micro",
                            "ipv6_addresses.#": "0",
                            "key_name": "",
                            "monitoring": "false",
                            "network_interface.#": "0",
                            "network_interface_id": "eni-f281b4f3",
                            "primary_network_interface_id": "eni-f281b4f3",
                            "private_dns": "ip-172-31-42-129.eu-west-1.compute.internal",
                            "private_ip": "172.31.42.129",
                            "public_dns": "ec2-54-154-52-98.eu-west-1.compute.amazonaws.com",
                            "public_ip": "54.154.52.98",
                            "root_block_device.#": "1",
                            "root_block_device.0.delete_on_termination": "true",
                            "root_block_device.0.iops": "0",
                            "root_block_device.0.volume_size": "2",
                            "root_block_device.0.volume_type": "standard",
                            "security_groups.#": "0",
                            "source_dest_check": "true",
                            "subnet_id": "subnet-d3df5a88",
                            "tags.%": "0",
                            "tenancy": "default",
                            "user_data": "cdb7ffb7854a7d5c82a86bd8e9b5d6145bd18ab1",
                            "volume_tags.%": "0",
                            "vpc_security_group_ids.#": "1",
                            "vpc_security_group_ids.3220964671": "sg-7a8d9d02"
                        },
                        "meta": {
                            "e2bfb730-ecaa-11e6-8f88-34363bc7c4c0": {
                                "create": 600000000000,
                                "delete": 600000000000,
                                "update": 600000000000
                            },
                            "schema_version": "1"
                        },
                        "tainted": false
                    },
                    "deposed": [],
                    "provider": ""
                },
                "aws_security_group.unbound_sg1": {
                    "type": "aws_security_group",
                    "depends_on": [],
                    "primary": {
                        "id": "sg-61b5a519",
                        "attributes": {
                            "description": "Unbound DNS",
                            "egress.#": "1",
                            "egress.482069346.cidr_blocks.#": "1",
                            "egress.482069346.cidr_blocks.0": "0.0.0.0/0",
                            "egress.482069346.from_port": "0",
                            "egress.482069346.ipv6_cidr_blocks.#": "0",
                            "egress.482069346.prefix_list_ids.#": "0",
                            "egress.482069346.protocol": "-1",
                            "egress.482069346.security_groups.#": "0",
                            "egress.482069346.self": "false",
                            "egress.482069346.to_port": "0",
                            "id": "sg-61b5a519",
                            "ingress.#": "1",
                            "ingress.482069346.cidr_blocks.#": "1",
                            "ingress.482069346.cidr_blocks.0": "0.0.0.0/0",
                            "ingress.482069346.from_port": "0",
                            "ingress.482069346.ipv6_cidr_blocks.#": "0",
                            "ingress.482069346.protocol": "-1",
                            "ingress.482069346.security_groups.#": "0",
                            "ingress.482069346.self": "false",
                            "ingress.482069346.to_port": "0",
                            "name": "unbound_sg1",
                            "owner_id": "961903435922",
                            "tags.%": "1",
                            "tags.Name": "unbound_sg1",
                            "vpc_id": "vpc-3e511c59"
                        },
                        "meta": {},
                        "tainted": false
                    },
                    "deposed": [],
                    "provider": ""
                },
                "data.aws_ami.amzn-ami": {
                    "type": "aws_ami",
                    "depends_on": [],
                    "primary": {
                        "id": "ami-25f92c5c",
                        "attributes": {
                            "architecture": "x86_64",
                            "block_device_mappings.#": "1",
                            "block_device_mappings.3982251136.device_name": "/dev/xvda",
                            "block_device_mappings.3982251136.ebs.%": "6",
                            "block_device_mappings.3982251136.ebs.delete_on_termination": "true",
                            "block_device_mappings.3982251136.ebs.encrypted": "false",
                            "block_device_mappings.3982251136.ebs.iops": "0",
                            "block_device_mappings.3982251136.ebs.snapshot_id": "snap-0e0b84543b9cfe532",
                            "block_device_mappings.3982251136.ebs.volume_size": "2",
                            "block_device_mappings.3982251136.ebs.volume_type": "standard",
                            "block_device_mappings.3982251136.no_device": "",
                            "block_device_mappings.3982251136.virtual_name": "",
                            "creation_date": "2017-10-01T18:06:51.000Z",
                            "description": "Amazon Linux AMI 2017.09.0.20170930 x86_64 Minimal HVM EBS",
                            "filter.#": "3",
                            "filter.3568673195.name": "name",
                            "filter.3568673195.values.#": "1",
                            "filter.3568673195.values.0": "amzn-ami*",
                            "filter.490168357.name": "virtualization-type",
                            "filter.490168357.values.#": "1",
                            "filter.490168357.values.0": "hvm",
                            "filter.574890044.name": "owner-alias",
                            "filter.574890044.values.#": "1",
                            "filter.574890044.values.0": "amazon",
                            "hypervisor": "xen",
                            "id": "ami-25f92c5c",
                            "image_id": "ami-25f92c5c",
                            "image_location": "amazon/amzn-ami-minimal-hvm-2017.09.0.20170930-x86_64-ebs",
                            "image_owner_alias": "amazon",
                            "image_type": "machine",
                            "most_recent": "true",
                            "name": "amzn-ami-minimal-hvm-2017.09.0.20170930-x86_64-ebs",
                            "owner_id": "137112412989",
                            "product_codes.#": "0",
                            "public": "true",
                            "root_device_name": "/dev/xvda",
                            "root_device_type": "ebs",
                            "sriov_net_support": "simple",
                            "state": "available",
                            "state_reason.%": "2",
                            "state_reason.code": "UNSET",
                            "state_reason.message": "UNSET",
                            "tags.#": "0",
                            "virtualization_type": "hvm"
                        },
                        "meta": {},
                        "tainted": false
                    },
                    "deposed": [],
                    "provider": ""
                },
                "data.template_file.init": {
                    "type": "template_file",
                    "depends_on": [],
                    "primary": {
                        "id": "800503d8254a8371f7f316c4ed3233d0c8c434e78dc066d951ae71d4463d6eb4",
                        "attributes": {
                            "id": "800503d8254a8371f7f316c4ed3233d0c8c434e78dc066d951ae71d4463d6eb4",
                            "rendered": "#!/bin/bash\n# Set the variables for your environment\nvpc_dns_address=198.51.100.2\nonprem_domain=example.local\nonprem_dns=192.0.2.2\n\n# Install updates and dependencies\nyum update -y\nyum install -y gcc openssl-devel expat-devel\n# Get, build, and install latest Unbound\nwget https://unbound.net/downloads/unbound-latest.tar.gz\ntar -zxvf unbound-latest.tar.gz\ncd unbound-*\n./configure \u0026\u0026 make \u0026\u0026 make install\n# Add run-time user\nuseradd unbound\n\n# Write Unbound configuration file with values from variables\ncat \u003c\u003c EOF | tee /usr/local/etc/unbound/unbound.conf\nserver:\n        interface: 0.0.0.0\n        access-control: 0.0.0.0/0 allow\nforward-zone:\n        name: \".\"\n        forward-addr: 198.51.100.2\nforward-zone:\n        name: \"example.local\"\n        forward-addr: 192.0.2.2\nEOF\n\n# Install Unbound as service and run\ncat \u003c\u003c EOF | tee /etc/init/unbound.conf\nstart on runlevel [2345]\nexec /usr/local/sbin/unbound\nEOF\n\nstart unbound\n",
                            "template": "#!/bin/bash\n# Set the variables for your environment\nvpc_dns_address=${vpc_dns_address}\nonprem_domain=${onprem_domain}\nonprem_dns=${onprem_dns}\n\n# Install updates and dependencies\nyum update -y\nyum install -y gcc openssl-devel expat-devel\n# Get, build, and install latest Unbound\nwget https://unbound.net/downloads/unbound-latest.tar.gz\ntar -zxvf unbound-latest.tar.gz\ncd unbound-*\n./configure \u0026\u0026 make \u0026\u0026 make install\n# Add run-time user\nuseradd unbound\n\n# Write Unbound configuration file with values from variables\ncat \u003c\u003c EOF | tee /usr/local/etc/unbound/unbound.conf\nserver:\n        interface: 0.0.0.0\n        access-control: 0.0.0.0/0 allow\nforward-zone:\n        name: \".\"\n        forward-addr: ${vpc_dns_address}\nforward-zone:\n        name: \"${onprem_domain}\"\n        forward-addr: ${onprem_dns}\nEOF\n\n# Install Unbound as service and run\ncat \u003c\u003c EOF | tee /etc/init/unbound.conf\nstart on runlevel [2345]\nexec /usr/local/sbin/unbound\nEOF\n\nstart unbound\n",
                            "vars.%": "3",
                            "vars.onprem_dns": "192.0.2.2",
                            "vars.onprem_domain": "example.local",
                            "vars.vpc_dns_address": "198.51.100.2"
                        },
                        "meta": {},
                        "tainted": false
                    },
                    "deposed": [],
                    "provider": ""
                }
            },
            "depends_on": []
        }
    ]
}
