{
    "version": 3,
    "terraform_version": "0.9.6",
    "serial": 4,
    "lineage": "a0f34b7a-55cb-48c0-9b47-d0037a69f434",
    "modules": [
        {
            "path": [
                "root"
            ],
            "outputs": {},
            "resources": {
                "aws_security_group.unbound_sg1": {
                    "type": "aws_security_group",
                    "depends_on": [],
                    "primary": {
                        "id": "sg-61b5a519",
                        "attributes": {
                            "description": "Unbound DNS",
                            "egress.#": "1",
                            "egress.482069346.cidr_blocks.#": "1",
                            "egress.482069346.cidr_blocks.0": "0.0.0.0/0",
                            "egress.482069346.from_port": "0",
                            "egress.482069346.ipv6_cidr_blocks.#": "0",
                            "egress.482069346.prefix_list_ids.#": "0",
                            "egress.482069346.protocol": "-1",
                            "egress.482069346.security_groups.#": "0",
                            "egress.482069346.self": "false",
                            "egress.482069346.to_port": "0",
                            "id": "sg-61b5a519",
                            "ingress.#": "1",
                            "ingress.482069346.cidr_blocks.#": "1",
                            "ingress.482069346.cidr_blocks.0": "0.0.0.0/0",
                            "ingress.482069346.from_port": "0",
                            "ingress.482069346.ipv6_cidr_blocks.#": "0",
                            "ingress.482069346.protocol": "-1",
                            "ingress.482069346.security_groups.#": "0",
                            "ingress.482069346.self": "false",
                            "ingress.482069346.to_port": "0",
                            "name": "unbound_sg1",
                            "owner_id": "961903435922",
                            "tags.%": "1",
                            "tags.Name": "unbound_sg1",
                            "vpc_id": "vpc-3e511c59"
                        },
                        "meta": {},
                        "tainted": false
                    },
                    "deposed": [],
                    "provider": ""
                },
                "data.aws_ami.amzn-ami": {
                    "type": "aws_ami",
                    "depends_on": [],
                    "primary": {
                        "id": "ami-b5f92ccc",
                        "attributes": {
                            "architecture": "x86_64",
                            "block_device_mappings.#": "1",
                            "block_device_mappings.3274701836.device_name": "/dev/sda1",
                            "block_device_mappings.3274701836.ebs.%": "6",
                            "block_device_mappings.3274701836.ebs.delete_on_termination": "true",
                            "block_device_mappings.3274701836.ebs.encrypted": "false",
                            "block_device_mappings.3274701836.ebs.iops": "0",
                            "block_device_mappings.3274701836.ebs.snapshot_id": "snap-0ac0086bdde238213",
                            "block_device_mappings.3274701836.ebs.volume_size": "2",
                            "block_device_mappings.3274701836.ebs.volume_type": "standard",
                            "block_device_mappings.3274701836.no_device": "",
                            "block_device_mappings.3274701836.virtual_name": "",
                            "creation_date": "2017-10-01T18:06:58.000Z",
                            "description": "Amazon Linux AMI 2017.09.0.20170930 x86_64 Minimal PV EBS",
                            "filter.#": "2",
                            "filter.3568673195.name": "name",
                            "filter.3568673195.values.#": "1",
                            "filter.3568673195.values.0": "amzn-ami*",
                            "filter.574890044.name": "owner-alias",
                            "filter.574890044.values.#": "1",
                            "filter.574890044.values.0": "amazon",
                            "hypervisor": "xen",
                            "id": "ami-b5f92ccc",
                            "image_id": "ami-b5f92ccc",
                            "image_location": "amazon/amzn-ami-minimal-pv-2017.09.0.20170930-x86_64-ebs",
                            "image_owner_alias": "amazon",
                            "image_type": "machine",
                            "kernel_id": "aki-dc9ed9af",
                            "most_recent": "true",
                            "name": "amzn-ami-minimal-pv-2017.09.0.20170930-x86_64-ebs",
                            "owner_id": "137112412989",
                            "product_codes.#": "0",
                            "public": "true",
                            "root_device_name": "/dev/sda1",
                            "root_device_type": "ebs",
                            "state": "available",
                            "state_reason.%": "2",
                            "state_reason.code": "UNSET",
                            "state_reason.message": "UNSET",
                            "tags.#": "0",
                            "virtualization_type": "paravirtual"
                        },
                        "meta": {},
                        "tainted": false
                    },
                    "deposed": [],
                    "provider": ""
                },
                "data.template_file.init": {
                    "type": "template_file",
                    "depends_on": [],
                    "primary": {
                        "id": "800503d8254a8371f7f316c4ed3233d0c8c434e78dc066d951ae71d4463d6eb4",
                        "attributes": {
                            "id": "800503d8254a8371f7f316c4ed3233d0c8c434e78dc066d951ae71d4463d6eb4",
                            "rendered": "#!/bin/bash\n# Set the variables for your environment\nvpc_dns_address=198.51.100.2\nonprem_domain=example.local\nonprem_dns=192.0.2.2\n\n# Install updates and dependencies\nyum update -y\nyum install -y gcc openssl-devel expat-devel\n# Get, build, and install latest Unbound\nwget https://unbound.net/downloads/unbound-latest.tar.gz\ntar -zxvf unbound-latest.tar.gz\ncd unbound-*\n./configure \u0026\u0026 make \u0026\u0026 make install\n# Add run-time user\nuseradd unbound\n\n# Write Unbound configuration file with values from variables\ncat \u003c\u003c EOF | tee /usr/local/etc/unbound/unbound.conf\nserver:\n        interface: 0.0.0.0\n        access-control: 0.0.0.0/0 allow\nforward-zone:\n        name: \".\"\n        forward-addr: 198.51.100.2\nforward-zone:\n        name: \"example.local\"\n        forward-addr: 192.0.2.2\nEOF\n\n# Install Unbound as service and run\ncat \u003c\u003c EOF | tee /etc/init/unbound.conf\nstart on runlevel [2345]\nexec /usr/local/sbin/unbound\nEOF\n\nstart unbound\n",
                            "template": "#!/bin/bash\n# Set the variables for your environment\nvpc_dns_address=${vpc_dns_address}\nonprem_domain=${onprem_domain}\nonprem_dns=${onprem_dns}\n\n# Install updates and dependencies\nyum update -y\nyum install -y gcc openssl-devel expat-devel\n# Get, build, and install latest Unbound\nwget https://unbound.net/downloads/unbound-latest.tar.gz\ntar -zxvf unbound-latest.tar.gz\ncd unbound-*\n./configure \u0026\u0026 make \u0026\u0026 make install\n# Add run-time user\nuseradd unbound\n\n# Write Unbound configuration file with values from variables\ncat \u003c\u003c EOF | tee /usr/local/etc/unbound/unbound.conf\nserver:\n        interface: 0.0.0.0\n        access-control: 0.0.0.0/0 allow\nforward-zone:\n        name: \".\"\n        forward-addr: ${vpc_dns_address}\nforward-zone:\n        name: \"${onprem_domain}\"\n        forward-addr: ${onprem_dns}\nEOF\n\n# Install Unbound as service and run\ncat \u003c\u003c EOF | tee /etc/init/unbound.conf\nstart on runlevel [2345]\nexec /usr/local/sbin/unbound\nEOF\n\nstart unbound\n",
                            "vars.%": "3",
                            "vars.onprem_dns": "192.0.2.2",
                            "vars.onprem_domain": "example.local",
                            "vars.vpc_dns_address": "198.51.100.2"
                        },
                        "meta": {},
                        "tainted": false
                    },
                    "deposed": [],
                    "provider": ""
                }
            },
            "depends_on": []
        }
    ]
}
